
Microsoft Visual Studio Solution File, Format Version 12.00
# Visual Studio 15
VisualStudioVersion = 15.0.28307.271
MinimumVisualStudioVersion = 10.0.40219.1
Project("{FAE04EC0-301F-11D3-BF4B-00C04F79EFBC}") = "PokerSimulator", "PokerSimulator\PokerSimulator.csproj", "{2CB942B3-A58E-4B9E-8FAD-46398A8EBF17}"
EndProject
Global
	GlobalSection(SolutionConfigurationPlatforms) = preSolution
		Debug|Any CPU = Debug|Any CPU
		Release|Any CPU = Release|Any CPU
	EndGlobalSection
	GlobalSection(ProjectConfigurationPlatforms) = postSolution
		{2CB942B3-A58E-4B9E-8FAD-46398A8EBF17}.Debug|Any CPU.ActiveCfg = Debug|Any CPU
		{2CB942B3-A58E-4B9E-8FAD-46398A8EBF17}.Debug|Any CPU.Build.0 = Debug|Any CPU
		{2CB942B3-A58E-4B9E-8FAD-46398A8EBF17}.Release|Any CPU.ActiveCfg = Release|Any CPU
		{2CB942B3-A58E-4B9E-8FAD-46398A8EBF17}.Release|Any CPU.Build.0 = Release|Any CPU
	EndGlobalSection
	GlobalSection(SolutionProperties) = preSolution
		HideSolutionNode = FALSE
	EndGlobalSection
	GlobalSection(ExtensibilityGlobals) = postSolution
		SolutionGuid = {9E054DDB-AB16-4040-9F4D-B3000A91B4DA}
	EndGlobalSection
EndGlobal
